
Microsoft Visual Studio Solution File, Format Version 12.00
# Visual Studio Version 16
VisualStudioVersion = 16.0.29609.76
MinimumVisualStudioVersion = 10.0.40219.1
Project("{9A19103F-16F7-4668-BE54-9A1E7A4F7556}") = "CSharp_01_TiposDato", "CSharp_01_TiposDato\CSharp_01_TiposDato.csproj", "{A0E103EF-BF01-465E-BBFB-8259821DE45A}"
EndProject
Project("{9A19103F-16F7-4668-BE54-9A1E7A4F7556}") = "CSharp_00_HolaMundo", "CSharp_00_HolaMundo\CSharp_00_HolaMundo.csproj", "{354C733D-97E2-4423-A48B-13FA874C2BBF}"
EndProject
Project("{9A19103F-16F7-4668-BE54-9A1E7A4F7556}") = "CSharp_02_Operadores", "CSharp_02_Operadores\CSharp_02_Operadores.csproj", "{0583FB3C-8979-4620-84F6-B3CE33CA432E}"
EndProject
Project("{9A19103F-16F7-4668-BE54-9A1E7A4F7556}") = "CSharp_03_ConversionTipos", "CSharp_03_ConversionTipos\CSharp_03_ConversionTipos.csproj", "{0DDBC0C8-8666-496D-ADE4-0C68BCDC4F0F}"
EndProject
Project("{2150E333-8FDC-42A3-9474-1A3956D46DE8}") = "A_Introduccion", "A_Introduccion", "{7B1BCAB5-41C3-4A31-AB25-C7F51EB0D9BB}"
EndProject
Project("{2150E333-8FDC-42A3-9474-1A3956D46DE8}") = "B_Esctructuras", "B_Esctructuras", "{3B594467-9472-48D0-85E8-C86CD8520104}"
EndProject
Project("{9A19103F-16F7-4668-BE54-9A1E7A4F7556}") = "CSharp_04_InstruccionIfElse", "CSharp_04_InstruccionIfElse\CSharp_04_InstruccionIfElse.csproj", "{0F8A9EC6-7C74-447C-AC04-955FAA794F84}"
EndProject
Project("{9A19103F-16F7-4668-BE54-9A1E7A4F7556}") = "CSharp_05_InstruccionSwitch", "CSharp_05_InstruccionSwitch\CSharp_05_InstruccionSwitch.csproj", "{679CA43A-596F-4C02-AFD6-1B313FF1C04D}"
EndProject
Project("{9A19103F-16F7-4668-BE54-9A1E7A4F7556}") = "CSharp_06_InstruccionWhile", "CSharp_06_InstruccionWhile\CSharp_06_InstruccionWhile.csproj", "{15DDE330-3156-42B5-9E72-45A9A461D008}"
EndProject
Project("{9A19103F-16F7-4668-BE54-9A1E7A4F7556}") = "CSharp_07_InstruccionFor", "CSharp_07_InstruccionFor\CSharp_07_InstruccionFor.csproj", "{EF071DFA-EF2F-4A02-9936-B94F52423620}"
EndProject
Project("{9A19103F-16F7-4668-BE54-9A1E7A4F7556}") = "CSharp_08_Metodos", "CSharp_08_Metodos\CSharp_08_Metodos.csproj", "{8668B165-2FAF-4B48-92D7-C780886CCA12}"
EndProject
Project("{9A19103F-16F7-4668-BE54-9A1E7A4F7556}") = "CSharp_09_Parametros", "CSharp_09_Parametros\CSharp_09_Parametros.csproj", "{89A11AB1-EAF8-43FB-9D0C-375157DA0512}"
EndProject
Project("{2150E333-8FDC-42A3-9474-1A3956D46DE8}") = "C_POO_Clases", "C_POO_Clases", "{FDB90069-7D55-4D72-9954-98682D8C7631}"
EndProject
Project("{9A19103F-16F7-4668-BE54-9A1E7A4F7556}") = "CSharp_10_Objetos", "CSharp_10_Objetos\CSharp_10_Objetos.csproj", "{5E9D7E7A-8FB9-4D28-9192-9944B9E6B8DF}"
EndProject
Project("{9A19103F-16F7-4668-BE54-9A1E7A4F7556}") = "CSharp_11_Herencia", "CSharp_11_Herencia\CSharp_11_Herencia.csproj", "{CD647483-F5EC-4CE3-9C63-97761B6F5A06}"
EndProject
Project("{9A19103F-16F7-4668-BE54-9A1E7A4F7556}") = "CSharp_12_Abstractas", "CSharp_12_Abstractas\CSharp_12_Abstractas.csproj", "{0069DA94-FEDE-4E03-B405-F1A8F9C09343}"
EndProject
Project("{9A19103F-16F7-4668-BE54-9A1E7A4F7556}") = "CSharp_13_Interfaces", "CSharp_13_Interfaces\CSharp_13_Interfaces.csproj", "{DFDC6251-B445-4C0E-84B7-41DAC706F076}"
EndProject
Project("{2150E333-8FDC-42A3-9474-1A3956D46DE8}") = "D_Objetos.Net", "D_Objetos.Net", "{FFCFF25D-277D-4ADB-A2D4-C1769342024E}"
EndProject
Project("{FAE04EC0-301F-11D3-BF4B-00C04F79EFBC}") = "CSharp_18_Excepciones", "CSharp_18_Excepciones\CSharp_18_Excepciones.csproj", "{DD20C15C-8AC5-475A-AA87-08A096F26A38}"
EndProject
Project("{FAE04EC0-301F-11D3-BF4B-00C04F79EFBC}") = "CSharp_24_Delegados", "CSharp_23_Delegados\CSharp_24_Delegados.csproj", "{D33DA0B3-B6DB-4EFF-A7EF-5189EB10A6EA}"
EndProject
Project("{FAE04EC0-301F-11D3-BF4B-00C04F79EFBC}") = "CSharp_25_Eventos", "CSharp_24_Eventos\CSharp_25_Eventos.csproj", "{C614948D-740E-4E12-818C-83BB803EDB65}"
EndProject
Project("{FAE04EC0-301F-11D3-BF4B-00C04F79EFBC}") = "CSharp_26_Generics", "CSharp_25_Generics\CSharp_26_Generics.csproj", "{86A52BB1-02D8-4CF7-8F4D-930FFCD3D226}"
EndProject
Project("{FAE04EC0-301F-11D3-BF4B-00C04F79EFBC}") = "CSharp_22_ProgramacionAsincrona", "CSharp_22_ProgramacionAsincrona\CSharp_22_ProgramacionAsincrona.csproj", "{FD8B91CF-06C4-4C18-8B8E-B39396ED2A46}"
EndProject
Project("{2150E333-8FDC-42A3-9474-1A3956D46DE8}") = "F_Avanzado", "F_Avanzado", "{B5C6DEF0-F318-48F2-997F-EF1D5F081645}"
EndProject
Project("{FAE04EC0-301F-11D3-BF4B-00C04F79EFBC}") = "CSharp_23_Multihilo", "CSharp_23_Multihilo\CSharp_23_Multihilo.csproj", "{AF071C55-F1A1-4EDD-8136-DD3C8A1E2D74}"
EndProject
Project("{FAE04EC0-301F-11D3-BF4B-00C04F79EFBC}") = "CSharp_19_LecturaYEscritura", "CSharp_19_LecturaYEscritura\CSharp_19_LecturaYEscritura.csproj", "{1D722865-F01A-44F6-9373-3FB72EB0ED7C}"
EndProject
Project("{FAE04EC0-301F-11D3-BF4B-00C04F79EFBC}") = "CSharp_21_EntityFrameworkCore", "CSharp_21_EntityFrameworkCore\CSharp_21_EntityFrameworkCore.csproj", "{393624A9-77E5-4FC5-8C31-C70A4880F82F}"
EndProject
Project("{2150E333-8FDC-42A3-9474-1A3956D46DE8}") = "E_AcessoADatos", "E_AcessoADatos", "{30D082CD-E4DD-4426-BB02-5D6FF486B67F}"
EndProject
Project("{9A19103F-16F7-4668-BE54-9A1E7A4F7556}") = "CSharp_20_Dapper", "CSharp_20_Dapper\CSharp_20_Dapper.csproj", "{82283F03-613E-467E-9E2B-4F86C9B635F6}"
EndProject
Project("{FAE04EC0-301F-11D3-BF4B-00C04F79EFBC}") = "CSharp_14_Cadenas_Core", "CSharp_14_Cadenas_Core\CSharp_14_Cadenas_Core.csproj", "{E6A703FA-E2E6-49C4-A3B9-9C16AD366753}"
EndProject
Project("{FAE04EC0-301F-11D3-BF4B-00C04F79EFBC}") = "CSharp_15_MetodosString_Core", "CSharp_15_MetodosString_Core\CSharp_15_MetodosString_Core.csproj", "{66E04286-8D4D-4B47-921C-C9661486FCCB}"
EndProject
Project("{FAE04EC0-301F-11D3-BF4B-00C04F79EFBC}") = "CSharp_16_Listas_Core", "CSharp_16_Listas_Core\CSharp_16_Listas_Core.csproj", "{D1D9FDDB-AB88-4B1A-AE75-65725677A971}"
EndProject
Project("{FAE04EC0-301F-11D3-BF4B-00C04F79EFBC}") = "CSharp_17_LinQ_Core", "CSharp_17_LinQ_Core\CSharp_17_LinQ_Core.csproj", "{EE21704D-4452-4652-9E09-91F4CD1A8B6C}"
EndProject
Global
	GlobalSection(SolutionConfigurationPlatforms) = preSolution
		Debug|Any CPU = Debug|Any CPU
		Release|Any CPU = Release|Any CPU
	EndGlobalSection
	GlobalSection(ProjectConfigurationPlatforms) = postSolution
		{A0E103EF-BF01-465E-BBFB-8259821DE45A}.Debug|Any CPU.ActiveCfg = Debug|Any CPU
		{A0E103EF-BF01-465E-BBFB-8259821DE45A}.Debug|Any CPU.Build.0 = Debug|Any CPU
		{A0E103EF-BF01-465E-BBFB-8259821DE45A}.Release|Any CPU.ActiveCfg = Release|Any CPU
		{A0E103EF-BF01-465E-BBFB-8259821DE45A}.Release|Any CPU.Build.0 = Release|Any CPU
		{354C733D-97E2-4423-A48B-13FA874C2BBF}.Debug|Any CPU.ActiveCfg = Debug|Any CPU
		{354C733D-97E2-4423-A48B-13FA874C2BBF}.Debug|Any CPU.Build.0 = Debug|Any CPU
		{354C733D-97E2-4423-A48B-13FA874C2BBF}.Release|Any CPU.ActiveCfg = Release|Any CPU
		{354C733D-97E2-4423-A48B-13FA874C2BBF}.Release|Any CPU.Build.0 = Release|Any CPU
		{0583FB3C-8979-4620-84F6-B3CE33CA432E}.Debug|Any CPU.ActiveCfg = Debug|Any CPU
		{0583FB3C-8979-4620-84F6-B3CE33CA432E}.Debug|Any CPU.Build.0 = Debug|Any CPU
		{0583FB3C-8979-4620-84F6-B3CE33CA432E}.Release|Any CPU.ActiveCfg = Release|Any CPU
		{0583FB3C-8979-4620-84F6-B3CE33CA432E}.Release|Any CPU.Build.0 = Release|Any CPU
		{0DDBC0C8-8666-496D-ADE4-0C68BCDC4F0F}.Debug|Any CPU.ActiveCfg = Debug|Any CPU
		{0DDBC0C8-8666-496D-ADE4-0C68BCDC4F0F}.Debug|Any CPU.Build.0 = Debug|Any CPU
		{0DDBC0C8-8666-496D-ADE4-0C68BCDC4F0F}.Release|Any CPU.ActiveCfg = Release|Any CPU
		{0DDBC0C8-8666-496D-ADE4-0C68BCDC4F0F}.Release|Any CPU.Build.0 = Release|Any CPU
		{0F8A9EC6-7C74-447C-AC04-955FAA794F84}.Debug|Any CPU.ActiveCfg = Debug|Any CPU
		{0F8A9EC6-7C74-447C-AC04-955FAA794F84}.Debug|Any CPU.Build.0 = Debug|Any CPU
		{0F8A9EC6-7C74-447C-AC04-955FAA794F84}.Release|Any CPU.ActiveCfg = Release|Any CPU
		{0F8A9EC6-7C74-447C-AC04-955FAA794F84}.Release|Any CPU.Build.0 = Release|Any CPU
		{679CA43A-596F-4C02-AFD6-1B313FF1C04D}.Debug|Any CPU.ActiveCfg = Debug|Any CPU
		{679CA43A-596F-4C02-AFD6-1B313FF1C04D}.Debug|Any CPU.Build.0 = Debug|Any CPU
		{679CA43A-596F-4C02-AFD6-1B313FF1C04D}.Release|Any CPU.ActiveCfg = Release|Any CPU
		{679CA43A-596F-4C02-AFD6-1B313FF1C04D}.Release|Any CPU.Build.0 = Release|Any CPU
		{15DDE330-3156-42B5-9E72-45A9A461D008}.Debug|Any CPU.ActiveCfg = Debug|Any CPU
		{15DDE330-3156-42B5-9E72-45A9A461D008}.Debug|Any CPU.Build.0 = Debug|Any CPU
		{15DDE330-3156-42B5-9E72-45A9A461D008}.Release|Any CPU.ActiveCfg = Release|Any CPU
		{15DDE330-3156-42B5-9E72-45A9A461D008}.Release|Any CPU.Build.0 = Release|Any CPU
		{EF071DFA-EF2F-4A02-9936-B94F52423620}.Debug|Any CPU.ActiveCfg = Debug|Any CPU
		{EF071DFA-EF2F-4A02-9936-B94F52423620}.Debug|Any CPU.Build.0 = Debug|Any CPU
		{EF071DFA-EF2F-4A02-9936-B94F52423620}.Release|Any CPU.ActiveCfg = Release|Any CPU
		{EF071DFA-EF2F-4A02-9936-B94F52423620}.Release|Any CPU.Build.0 = Release|Any CPU
		{8668B165-2FAF-4B48-92D7-C780886CCA12}.Debug|Any CPU.ActiveCfg = Debug|Any CPU
		{8668B165-2FAF-4B48-92D7-C780886CCA12}.Debug|Any CPU.Build.0 = Debug|Any CPU
		{8668B165-2FAF-4B48-92D7-C780886CCA12}.Release|Any CPU.ActiveCfg = Release|Any CPU
		{8668B165-2FAF-4B48-92D7-C780886CCA12}.Release|Any CPU.Build.0 = Release|Any CPU
		{89A11AB1-EAF8-43FB-9D0C-375157DA0512}.Debug|Any CPU.ActiveCfg = Debug|Any CPU
		{89A11AB1-EAF8-43FB-9D0C-375157DA0512}.Debug|Any CPU.Build.0 = Debug|Any CPU
		{89A11AB1-EAF8-43FB-9D0C-375157DA0512}.Release|Any CPU.ActiveCfg = Release|Any CPU
		{89A11AB1-EAF8-43FB-9D0C-375157DA0512}.Release|Any CPU.Build.0 = Release|Any CPU
		{5E9D7E7A-8FB9-4D28-9192-9944B9E6B8DF}.Debug|Any CPU.ActiveCfg = Debug|Any CPU
		{5E9D7E7A-8FB9-4D28-9192-9944B9E6B8DF}.Debug|Any CPU.Build.0 = Debug|Any CPU
		{5E9D7E7A-8FB9-4D28-9192-9944B9E6B8DF}.Release|Any CPU.ActiveCfg = Release|Any CPU
		{5E9D7E7A-8FB9-4D28-9192-9944B9E6B8DF}.Release|Any CPU.Build.0 = Release|Any CPU
		{CD647483-F5EC-4CE3-9C63-97761B6F5A06}.Debug|Any CPU.ActiveCfg = Debug|Any CPU
		{CD647483-F5EC-4CE3-9C63-97761B6F5A06}.Debug|Any CPU.Build.0 = Debug|Any CPU
		{CD647483-F5EC-4CE3-9C63-97761B6F5A06}.Release|Any CPU.ActiveCfg = Release|Any CPU
		{CD647483-F5EC-4CE3-9C63-97761B6F5A06}.Release|Any CPU.Build.0 = Release|Any CPU
		{0069DA94-FEDE-4E03-B405-F1A8F9C09343}.Debug|Any CPU.ActiveCfg = Debug|Any CPU
		{0069DA94-FEDE-4E03-B405-F1A8F9C09343}.Debug|Any CPU.Build.0 = Debug|Any CPU
		{0069DA94-FEDE-4E03-B405-F1A8F9C09343}.Release|Any CPU.ActiveCfg = Release|Any CPU
		{0069DA94-FEDE-4E03-B405-F1A8F9C09343}.Release|Any CPU.Build.0 = Release|Any CPU
		{DFDC6251-B445-4C0E-84B7-41DAC706F076}.Debug|Any CPU.ActiveCfg = Debug|Any CPU
		{DFDC6251-B445-4C0E-84B7-41DAC706F076}.Debug|Any CPU.Build.0 = Debug|Any CPU
		{DFDC6251-B445-4C0E-84B7-41DAC706F076}.Release|Any CPU.ActiveCfg = Release|Any CPU
		{DFDC6251-B445-4C0E-84B7-41DAC706F076}.Release|Any CPU.Build.0 = Release|Any CPU
		{DD20C15C-8AC5-475A-AA87-08A096F26A38}.Debug|Any CPU.ActiveCfg = Debug|Any CPU
		{DD20C15C-8AC5-475A-AA87-08A096F26A38}.Debug|Any CPU.Build.0 = Debug|Any CPU
		{DD20C15C-8AC5-475A-AA87-08A096F26A38}.Release|Any CPU.ActiveCfg = Release|Any CPU
		{DD20C15C-8AC5-475A-AA87-08A096F26A38}.Release|Any CPU.Build.0 = Release|Any CPU
		{D33DA0B3-B6DB-4EFF-A7EF-5189EB10A6EA}.Debug|Any CPU.ActiveCfg = Debug|Any CPU
		{D33DA0B3-B6DB-4EFF-A7EF-5189EB10A6EA}.Debug|Any CPU.Build.0 = Debug|Any CPU
		{D33DA0B3-B6DB-4EFF-A7EF-5189EB10A6EA}.Release|Any CPU.ActiveCfg = Release|Any CPU
		{D33DA0B3-B6DB-4EFF-A7EF-5189EB10A6EA}.Release|Any CPU.Build.0 = Release|Any CPU
		{C614948D-740E-4E12-818C-83BB803EDB65}.Debug|Any CPU.ActiveCfg = Debug|Any CPU
		{C614948D-740E-4E12-818C-83BB803EDB65}.Debug|Any CPU.Build.0 = Debug|Any CPU
		{C614948D-740E-4E12-818C-83BB803EDB65}.Release|Any CPU.ActiveCfg = Release|Any CPU
		{C614948D-740E-4E12-818C-83BB803EDB65}.Release|Any CPU.Build.0 = Release|Any CPU
		{86A52BB1-02D8-4CF7-8F4D-930FFCD3D226}.Debug|Any CPU.ActiveCfg = Debug|Any CPU
		{86A52BB1-02D8-4CF7-8F4D-930FFCD3D226}.Debug|Any CPU.Build.0 = Debug|Any CPU
		{86A52BB1-02D8-4CF7-8F4D-930FFCD3D226}.Release|Any CPU.ActiveCfg = Release|Any CPU
		{86A52BB1-02D8-4CF7-8F4D-930FFCD3D226}.Release|Any CPU.Build.0 = Release|Any CPU
		{FD8B91CF-06C4-4C18-8B8E-B39396ED2A46}.Debug|Any CPU.ActiveCfg = Debug|Any CPU
		{FD8B91CF-06C4-4C18-8B8E-B39396ED2A46}.Debug|Any CPU.Build.0 = Debug|Any CPU
		{FD8B91CF-06C4-4C18-8B8E-B39396ED2A46}.Release|Any CPU.ActiveCfg = Release|Any CPU
		{FD8B91CF-06C4-4C18-8B8E-B39396ED2A46}.Release|Any CPU.Build.0 = Release|Any CPU
		{AF071C55-F1A1-4EDD-8136-DD3C8A1E2D74}.Debug|Any CPU.ActiveCfg = Debug|Any CPU
		{AF071C55-F1A1-4EDD-8136-DD3C8A1E2D74}.Debug|Any CPU.Build.0 = Debug|Any CPU
		{AF071C55-F1A1-4EDD-8136-DD3C8A1E2D74}.Release|Any CPU.ActiveCfg = Release|Any CPU
		{AF071C55-F1A1-4EDD-8136-DD3C8A1E2D74}.Release|Any CPU.Build.0 = Release|Any CPU
		{1D722865-F01A-44F6-9373-3FB72EB0ED7C}.Debug|Any CPU.ActiveCfg = Debug|Any CPU
		{1D722865-F01A-44F6-9373-3FB72EB0ED7C}.Debug|Any CPU.Build.0 = Debug|Any CPU
		{1D722865-F01A-44F6-9373-3FB72EB0ED7C}.Release|Any CPU.ActiveCfg = Release|Any CPU
		{1D722865-F01A-44F6-9373-3FB72EB0ED7C}.Release|Any CPU.Build.0 = Release|Any CPU
		{393624A9-77E5-4FC5-8C31-C70A4880F82F}.Debug|Any CPU.ActiveCfg = Debug|Any CPU
		{393624A9-77E5-4FC5-8C31-C70A4880F82F}.Debug|Any CPU.Build.0 = Debug|Any CPU
		{393624A9-77E5-4FC5-8C31-C70A4880F82F}.Release|Any CPU.ActiveCfg = Release|Any CPU
		{393624A9-77E5-4FC5-8C31-C70A4880F82F}.Release|Any CPU.Build.0 = Release|Any CPU
		{82283F03-613E-467E-9E2B-4F86C9B635F6}.Debug|Any CPU.ActiveCfg = Debug|Any CPU
		{82283F03-613E-467E-9E2B-4F86C9B635F6}.Debug|Any CPU.Build.0 = Debug|Any CPU
		{82283F03-613E-467E-9E2B-4F86C9B635F6}.Release|Any CPU.ActiveCfg = Release|Any CPU
		{82283F03-613E-467E-9E2B-4F86C9B635F6}.Release|Any CPU.Build.0 = Release|Any CPU
		{E6A703FA-E2E6-49C4-A3B9-9C16AD366753}.Debug|Any CPU.ActiveCfg = Debug|Any CPU
		{E6A703FA-E2E6-49C4-A3B9-9C16AD366753}.Debug|Any CPU.Build.0 = Debug|Any CPU
		{E6A703FA-E2E6-49C4-A3B9-9C16AD366753}.Release|Any CPU.ActiveCfg = Release|Any CPU
		{E6A703FA-E2E6-49C4-A3B9-9C16AD366753}.Release|Any CPU.Build.0 = Release|Any CPU
		{66E04286-8D4D-4B47-921C-C9661486FCCB}.Debug|Any CPU.ActiveCfg = Debug|Any CPU
		{66E04286-8D4D-4B47-921C-C9661486FCCB}.Debug|Any CPU.Build.0 = Debug|Any CPU
		{66E04286-8D4D-4B47-921C-C9661486FCCB}.Release|Any CPU.ActiveCfg = Release|Any CPU
		{66E04286-8D4D-4B47-921C-C9661486FCCB}.Release|Any CPU.Build.0 = Release|Any CPU
		{D1D9FDDB-AB88-4B1A-AE75-65725677A971}.Debug|Any CPU.ActiveCfg = Debug|Any CPU
		{D1D9FDDB-AB88-4B1A-AE75-65725677A971}.Debug|Any CPU.Build.0 = Debug|Any CPU
		{D1D9FDDB-AB88-4B1A-AE75-65725677A971}.Release|Any CPU.ActiveCfg = Release|Any CPU
		{D1D9FDDB-AB88-4B1A-AE75-65725677A971}.Release|Any CPU.Build.0 = Release|Any CPU
		{EE21704D-4452-4652-9E09-91F4CD1A8B6C}.Debug|Any CPU.ActiveCfg = Debug|Any CPU
		{EE21704D-4452-4652-9E09-91F4CD1A8B6C}.Debug|Any CPU.Build.0 = Debug|Any CPU
		{EE21704D-4452-4652-9E09-91F4CD1A8B6C}.Release|Any CPU.ActiveCfg = Release|Any CPU
		{EE21704D-4452-4652-9E09-91F4CD1A8B6C}.Release|Any CPU.Build.0 = Release|Any CPU
	EndGlobalSection
	GlobalSection(SolutionProperties) = preSolution
		HideSolutionNode = FALSE
	EndGlobalSection
	GlobalSection(NestedProjects) = preSolution
		{A0E103EF-BF01-465E-BBFB-8259821DE45A} = {7B1BCAB5-41C3-4A31-AB25-C7F51EB0D9BB}
		{354C733D-97E2-4423-A48B-13FA874C2BBF} = {7B1BCAB5-41C3-4A31-AB25-C7F51EB0D9BB}
		{0583FB3C-8979-4620-84F6-B3CE33CA432E} = {7B1BCAB5-41C3-4A31-AB25-C7F51EB0D9BB}
		{0DDBC0C8-8666-496D-ADE4-0C68BCDC4F0F} = {7B1BCAB5-41C3-4A31-AB25-C7F51EB0D9BB}
		{0F8A9EC6-7C74-447C-AC04-955FAA794F84} = {3B594467-9472-48D0-85E8-C86CD8520104}
		{679CA43A-596F-4C02-AFD6-1B313FF1C04D} = {3B594467-9472-48D0-85E8-C86CD8520104}
		{15DDE330-3156-42B5-9E72-45A9A461D008} = {3B594467-9472-48D0-85E8-C86CD8520104}
		{EF071DFA-EF2F-4A02-9936-B94F52423620} = {3B594467-9472-48D0-85E8-C86CD8520104}
		{8668B165-2FAF-4B48-92D7-C780886CCA12} = {3B594467-9472-48D0-85E8-C86CD8520104}
		{89A11AB1-EAF8-43FB-9D0C-375157DA0512} = {3B594467-9472-48D0-85E8-C86CD8520104}
		{5E9D7E7A-8FB9-4D28-9192-9944B9E6B8DF} = {FDB90069-7D55-4D72-9954-98682D8C7631}
		{CD647483-F5EC-4CE3-9C63-97761B6F5A06} = {FDB90069-7D55-4D72-9954-98682D8C7631}
		{0069DA94-FEDE-4E03-B405-F1A8F9C09343} = {FDB90069-7D55-4D72-9954-98682D8C7631}
		{DFDC6251-B445-4C0E-84B7-41DAC706F076} = {FDB90069-7D55-4D72-9954-98682D8C7631}
		{DD20C15C-8AC5-475A-AA87-08A096F26A38} = {FFCFF25D-277D-4ADB-A2D4-C1769342024E}
		{D33DA0B3-B6DB-4EFF-A7EF-5189EB10A6EA} = {B5C6DEF0-F318-48F2-997F-EF1D5F081645}
		{C614948D-740E-4E12-818C-83BB803EDB65} = {B5C6DEF0-F318-48F2-997F-EF1D5F081645}
		{86A52BB1-02D8-4CF7-8F4D-930FFCD3D226} = {B5C6DEF0-F318-48F2-997F-EF1D5F081645}
		{FD8B91CF-06C4-4C18-8B8E-B39396ED2A46} = {B5C6DEF0-F318-48F2-997F-EF1D5F081645}
		{AF071C55-F1A1-4EDD-8136-DD3C8A1E2D74} = {B5C6DEF0-F318-48F2-997F-EF1D5F081645}
		{1D722865-F01A-44F6-9373-3FB72EB0ED7C} = {30D082CD-E4DD-4426-BB02-5D6FF486B67F}
		{393624A9-77E5-4FC5-8C31-C70A4880F82F} = {30D082CD-E4DD-4426-BB02-5D6FF486B67F}
		{82283F03-613E-467E-9E2B-4F86C9B635F6} = {30D082CD-E4DD-4426-BB02-5D6FF486B67F}
		{E6A703FA-E2E6-49C4-A3B9-9C16AD366753} = {FFCFF25D-277D-4ADB-A2D4-C1769342024E}
		{66E04286-8D4D-4B47-921C-C9661486FCCB} = {FFCFF25D-277D-4ADB-A2D4-C1769342024E}
		{D1D9FDDB-AB88-4B1A-AE75-65725677A971} = {FFCFF25D-277D-4ADB-A2D4-C1769342024E}
		{EE21704D-4452-4652-9E09-91F4CD1A8B6C} = {FFCFF25D-277D-4ADB-A2D4-C1769342024E}
	EndGlobalSection
	GlobalSection(ExtensibilityGlobals) = postSolution
		SolutionGuid = {C5A92F68-AD5A-4F2B-9098-8C6F26E57742}
	EndGlobalSection
EndGlobal
