
Microsoft Visual Studio Solution File, Format Version 12.00
# Visual Studio Version 17
VisualStudioVersion = 17.2.32526.322
MinimumVisualStudioVersion = 10.0.40219.1
Project("{9A19103F-16F7-4668-BE54-9A1E7A4F7556}") = "01_TiposSimples", "01_TiposSimples\01_TiposSimples.csproj", "{C47A438E-1665-41DE-9169-5E655F7C9AAF}"
EndProject
Project("{9A19103F-16F7-4668-BE54-9A1E7A4F7556}") = "02_LecturaTiposSimples", "02_LecturaTiposSimples\02_LecturaTiposSimples.csproj", "{0831253A-98E6-4106-8D17-F5659369A97C}"
EndProject
Project("{2150E333-8FDC-42A3-9474-1A3956D46DE8}") = "01_Introduccion", "01_Introduccion", "{C67EDEF0-1556-4BB6-8498-6DDF054183B8}"
EndProject
Project("{9A19103F-16F7-4668-BE54-9A1E7A4F7556}") = "03_CalculadoraBasica", "03_CalculadoraBasica\03_CalculadoraBasica.csproj", "{339D29F5-8694-4A0E-B0A7-DF9A38677BCE}"
EndProject
Project("{9A19103F-16F7-4668-BE54-9A1E7A4F7556}") = "04_CalculadoraGrados", "04_CalculadoraGrados\04_CalculadoraGrados.csproj", "{0AF0B599-B6F0-4527-9A0F-13048F0025EA}"
EndProject
Project("{9A19103F-16F7-4668-BE54-9A1E7A4F7556}") = "06_PintarRectangulo", "06_PintarRectangulo\06_PintarRectangulo.csproj", "{8857F090-21A4-4E87-A93F-FB5A07A58E09}"
EndProject
Project("{9A19103F-16F7-4668-BE54-9A1E7A4F7556}") = "07_EjercicioTryCatch", "07_EjercicioTryCatch\07_EjercicioTryCatch.csproj", "{E362E771-9F5F-4646-8D4B-07E7C937328D}"
EndProject
Project("{9A19103F-16F7-4668-BE54-9A1E7A4F7556}") = "05_TablaMultiplicar", "05_TablaMultiplicar\05_TablaMultiplicar.csproj", "{29A150DD-6FC7-4026-A36C-D860E54F8297}"
EndProject
Project("{9A19103F-16F7-4668-BE54-9A1E7A4F7556}") = "08_MetodosFunciones", "08_MetodosFunciones\08_MetodosFunciones.csproj", "{1C58C70D-13B9-4112-BB44-9F029593F019}"
EndProject
Project("{2150E333-8FDC-42A3-9474-1A3956D46DE8}") = "02_Estructuras", "02_Estructuras", "{068900F6-6C3A-4D22-A3CA-71BC3EF0667E}"
EndProject
Project("{2150E333-8FDC-42A3-9474-1A3956D46DE8}") = "03_POO_Clases", "03_POO_Clases", "{30E06624-04C7-49F0-8C09-4625F6B7E8BE}"
EndProject
Project("{9A19103F-16F7-4668-BE54-9A1E7A4F7556}") = "09_PrimeraClase", "09_PrimeraClase\09_PrimeraClase.csproj", "{9078DB3B-1A25-4366-B22C-59796CB17084}"
EndProject
Project("{9A19103F-16F7-4668-BE54-9A1E7A4F7556}") = "10_EjercicioClaseAvanzada", "10_EjercicioClaseAvanzada\10_EjercicioClaseAvanzada.csproj", "{C7B4E3A3-3D16-4FD0-803A-E5972EC4A60B}"
EndProject
Project("{9A19103F-16F7-4668-BE54-9A1E7A4F7556}") = "11_EjercicioHerencia", "11_EjercicioHerencia\11_EjercicioHerencia.csproj", "{AA3312B0-F2B8-46BE-BB5A-A3FFE2A003B0}"
EndProject
Project("{9A19103F-16F7-4668-BE54-9A1E7A4F7556}") = "12_TeoriaInterfaces", "12_TeoriaInterfaces\12_TeoriaInterfaces.csproj", "{4B8955D9-8B8C-4E0F-B425-BAFE1F5F0EF5}"
EndProject
Project("{9A19103F-16F7-4668-BE54-9A1E7A4F7556}") = "13_EjercicioInterfazVehiculo", "13_EjercicioInterfazVehiculo\13_EjercicioInterfazVehiculo.csproj", "{B625C665-7617-4D88-B510-C5B02DFE8C72}"
EndProject
Project("{9A19103F-16F7-4668-BE54-9A1E7A4F7556}") = "14_EjercicioInterfazPerro", "14_EjercicioInterfazPerro\14_EjercicioInterfazPerro.csproj", "{CE630BDE-D31C-44F4-93F3-508D0C90FAB4}"
EndProject
Project("{9A19103F-16F7-4668-BE54-9A1E7A4F7556}") = "15_EjercicioInterfazPersona", "15_EjercicioInterfazPersona\15_EjercicioInterfazPersona.csproj", "{83B9B7D0-9C31-4042-8C51-DC5E9D125B71}"
EndProject
Project("{9A19103F-16F7-4668-BE54-9A1E7A4F7556}") = "16_EjercicioAlbumFotosInterfaces", "16_EjercicioAlbumFotosInterfaces\16_EjercicioAlbumFotosInterfaces.csproj", "{309FC311-F847-49EA-BA28-F5843668E5BF}"
EndProject
Project("{2150E333-8FDC-42A3-9474-1A3956D46DE8}") = "04_Objetos", "04_Objetos", "{93D64FCC-AF77-4823-A2A0-271BB38CB434}"
EndProject
Project("{9A19103F-16F7-4668-BE54-9A1E7A4F7556}") = "17_EjercicioCadenas1", "17_EjercicioCadenas1\17_EjercicioCadenas1.csproj", "{5DDC24EC-FCEB-4DEA-83DF-1693498AE68C}"
EndProject
Project("{9A19103F-16F7-4668-BE54-9A1E7A4F7556}") = "18_EjercicioCadenas2", "18_EjercicioCadenas2\18_EjercicioCadenas2.csproj", "{9BCE1A6E-0E71-47EE-B99E-718D87B0B5D2}"
EndProject
Project("{9A19103F-16F7-4668-BE54-9A1E7A4F7556}") = "19_Listas", "19_Listas\19_Listas.csproj", "{B7673CF4-EBF1-4E1C-BCC4-7CF6E0B08E63}"
EndProject
Project("{9A19103F-16F7-4668-BE54-9A1E7A4F7556}") = "20_EjercicioListasEnteros", "20_EjercicioListasEnteros\20_EjercicioListasEnteros.csproj", "{332C4793-1C0F-40CB-B73B-9DDECF538B14}"
EndProject
Project("{9A19103F-16F7-4668-BE54-9A1E7A4F7556}") = "21_EjercicioListasVehiculos", "21_EjercicioListasVehiculos\21_EjercicioListasVehiculos.csproj", "{B06F0408-B91D-4904-A073-877AC342E605}"
EndProject
Project("{9A19103F-16F7-4668-BE54-9A1E7A4F7556}") = "22_EjercicioListasLibros", "22_EjercicioListasLibros\22_EjercicioListasLibros.csproj", "{C5EF9CA1-A75D-48CA-8B4B-3A3C5EB0E36C}"
EndProject
Project("{9A19103F-16F7-4668-BE54-9A1E7A4F7556}") = "23_EjemploLinq", "23_EjemploLinq\23_EjemploLinq.csproj", "{7A309BC3-0683-44CF-BF14-CFB97C8AD05F}"
EndProject
Project("{9A19103F-16F7-4668-BE54-9A1E7A4F7556}") = "24_EjercicioLinqLibros", "24_EjercicioLinqLibros\24_EjercicioLinqLibros.csproj", "{95C35079-DFD4-439A-842E-87FD486D438E}"
EndProject
Project("{9A19103F-16F7-4668-BE54-9A1E7A4F7556}") = "25_EjercicioLinqAlumnosProfesores", "25_EjercicioLinqAlumnosProfesores\25_EjercicioLinqAlumnosProfesores.csproj", "{F6EE3E01-B922-4BB9-865F-5B68FEA71DA2}"
EndProject
Project("{9A19103F-16F7-4668-BE54-9A1E7A4F7556}") = "26_EjercicioLinqCompleto", "26_EjercicioLinqCompleto\26_EjercicioLinqCompleto.csproj", "{1B443821-D110-4121-BB55-B752F49D6864}"
EndProject
Project("{9A19103F-16F7-4668-BE54-9A1E7A4F7556}") = "27_EjercicioLinqVentas", "27_EjercicioLinqVentas\27_EjercicioLinqVentas.csproj", "{2D49EA32-18A9-47EC-AD7C-5E49FC1A56DE}"
EndProject
Project("{2150E333-8FDC-42A3-9474-1A3956D46DE8}") = "05_AccesoDatos", "05_AccesoDatos", "{1C45C56A-F3BE-4281-8BF4-957E50874668}"
EndProject
Project("{FAE04EC0-301F-11D3-BF4B-00C04F79EFBC}") = "28_EjercicioAccesoDatos", "28_EjercicioAccesoDatos\28_EjercicioAccesoDatos.csproj", "{7AF9A94B-8846-4AAD-B530-F5BDB67C10D9}"
EndProject
Global
	GlobalSection(SolutionConfigurationPlatforms) = preSolution
		Debug|Any CPU = Debug|Any CPU
		Release|Any CPU = Release|Any CPU
	EndGlobalSection
	GlobalSection(ProjectConfigurationPlatforms) = postSolution
		{C47A438E-1665-41DE-9169-5E655F7C9AAF}.Debug|Any CPU.ActiveCfg = Debug|Any CPU
		{C47A438E-1665-41DE-9169-5E655F7C9AAF}.Debug|Any CPU.Build.0 = Debug|Any CPU
		{C47A438E-1665-41DE-9169-5E655F7C9AAF}.Release|Any CPU.ActiveCfg = Release|Any CPU
		{C47A438E-1665-41DE-9169-5E655F7C9AAF}.Release|Any CPU.Build.0 = Release|Any CPU
		{0831253A-98E6-4106-8D17-F5659369A97C}.Debug|Any CPU.ActiveCfg = Debug|Any CPU
		{0831253A-98E6-4106-8D17-F5659369A97C}.Debug|Any CPU.Build.0 = Debug|Any CPU
		{0831253A-98E6-4106-8D17-F5659369A97C}.Release|Any CPU.ActiveCfg = Release|Any CPU
		{0831253A-98E6-4106-8D17-F5659369A97C}.Release|Any CPU.Build.0 = Release|Any CPU
		{339D29F5-8694-4A0E-B0A7-DF9A38677BCE}.Debug|Any CPU.ActiveCfg = Debug|Any CPU
		{339D29F5-8694-4A0E-B0A7-DF9A38677BCE}.Debug|Any CPU.Build.0 = Debug|Any CPU
		{339D29F5-8694-4A0E-B0A7-DF9A38677BCE}.Release|Any CPU.ActiveCfg = Release|Any CPU
		{339D29F5-8694-4A0E-B0A7-DF9A38677BCE}.Release|Any CPU.Build.0 = Release|Any CPU
		{0AF0B599-B6F0-4527-9A0F-13048F0025EA}.Debug|Any CPU.ActiveCfg = Debug|Any CPU
		{0AF0B599-B6F0-4527-9A0F-13048F0025EA}.Debug|Any CPU.Build.0 = Debug|Any CPU
		{0AF0B599-B6F0-4527-9A0F-13048F0025EA}.Release|Any CPU.ActiveCfg = Release|Any CPU
		{0AF0B599-B6F0-4527-9A0F-13048F0025EA}.Release|Any CPU.Build.0 = Release|Any CPU
		{8857F090-21A4-4E87-A93F-FB5A07A58E09}.Debug|Any CPU.ActiveCfg = Debug|Any CPU
		{8857F090-21A4-4E87-A93F-FB5A07A58E09}.Debug|Any CPU.Build.0 = Debug|Any CPU
		{8857F090-21A4-4E87-A93F-FB5A07A58E09}.Release|Any CPU.ActiveCfg = Release|Any CPU
		{8857F090-21A4-4E87-A93F-FB5A07A58E09}.Release|Any CPU.Build.0 = Release|Any CPU
		{E362E771-9F5F-4646-8D4B-07E7C937328D}.Debug|Any CPU.ActiveCfg = Debug|Any CPU
		{E362E771-9F5F-4646-8D4B-07E7C937328D}.Debug|Any CPU.Build.0 = Debug|Any CPU
		{E362E771-9F5F-4646-8D4B-07E7C937328D}.Release|Any CPU.ActiveCfg = Release|Any CPU
		{E362E771-9F5F-4646-8D4B-07E7C937328D}.Release|Any CPU.Build.0 = Release|Any CPU
		{29A150DD-6FC7-4026-A36C-D860E54F8297}.Debug|Any CPU.ActiveCfg = Debug|Any CPU
		{29A150DD-6FC7-4026-A36C-D860E54F8297}.Debug|Any CPU.Build.0 = Debug|Any CPU
		{29A150DD-6FC7-4026-A36C-D860E54F8297}.Release|Any CPU.ActiveCfg = Release|Any CPU
		{29A150DD-6FC7-4026-A36C-D860E54F8297}.Release|Any CPU.Build.0 = Release|Any CPU
		{1C58C70D-13B9-4112-BB44-9F029593F019}.Debug|Any CPU.ActiveCfg = Debug|Any CPU
		{1C58C70D-13B9-4112-BB44-9F029593F019}.Debug|Any CPU.Build.0 = Debug|Any CPU
		{1C58C70D-13B9-4112-BB44-9F029593F019}.Release|Any CPU.ActiveCfg = Release|Any CPU
		{1C58C70D-13B9-4112-BB44-9F029593F019}.Release|Any CPU.Build.0 = Release|Any CPU
		{9078DB3B-1A25-4366-B22C-59796CB17084}.Debug|Any CPU.ActiveCfg = Debug|Any CPU
		{9078DB3B-1A25-4366-B22C-59796CB17084}.Debug|Any CPU.Build.0 = Debug|Any CPU
		{9078DB3B-1A25-4366-B22C-59796CB17084}.Release|Any CPU.ActiveCfg = Release|Any CPU
		{9078DB3B-1A25-4366-B22C-59796CB17084}.Release|Any CPU.Build.0 = Release|Any CPU
		{C7B4E3A3-3D16-4FD0-803A-E5972EC4A60B}.Debug|Any CPU.ActiveCfg = Debug|Any CPU
		{C7B4E3A3-3D16-4FD0-803A-E5972EC4A60B}.Debug|Any CPU.Build.0 = Debug|Any CPU
		{C7B4E3A3-3D16-4FD0-803A-E5972EC4A60B}.Release|Any CPU.ActiveCfg = Release|Any CPU
		{C7B4E3A3-3D16-4FD0-803A-E5972EC4A60B}.Release|Any CPU.Build.0 = Release|Any CPU
		{AA3312B0-F2B8-46BE-BB5A-A3FFE2A003B0}.Debug|Any CPU.ActiveCfg = Debug|Any CPU
		{AA3312B0-F2B8-46BE-BB5A-A3FFE2A003B0}.Debug|Any CPU.Build.0 = Debug|Any CPU
		{AA3312B0-F2B8-46BE-BB5A-A3FFE2A003B0}.Release|Any CPU.ActiveCfg = Release|Any CPU
		{AA3312B0-F2B8-46BE-BB5A-A3FFE2A003B0}.Release|Any CPU.Build.0 = Release|Any CPU
		{4B8955D9-8B8C-4E0F-B425-BAFE1F5F0EF5}.Debug|Any CPU.ActiveCfg = Debug|Any CPU
		{4B8955D9-8B8C-4E0F-B425-BAFE1F5F0EF5}.Debug|Any CPU.Build.0 = Debug|Any CPU
		{4B8955D9-8B8C-4E0F-B425-BAFE1F5F0EF5}.Release|Any CPU.ActiveCfg = Release|Any CPU
		{4B8955D9-8B8C-4E0F-B425-BAFE1F5F0EF5}.Release|Any CPU.Build.0 = Release|Any CPU
		{B625C665-7617-4D88-B510-C5B02DFE8C72}.Debug|Any CPU.ActiveCfg = Debug|Any CPU
		{B625C665-7617-4D88-B510-C5B02DFE8C72}.Debug|Any CPU.Build.0 = Debug|Any CPU
		{B625C665-7617-4D88-B510-C5B02DFE8C72}.Release|Any CPU.ActiveCfg = Release|Any CPU
		{B625C665-7617-4D88-B510-C5B02DFE8C72}.Release|Any CPU.Build.0 = Release|Any CPU
		{CE630BDE-D31C-44F4-93F3-508D0C90FAB4}.Debug|Any CPU.ActiveCfg = Debug|Any CPU
		{CE630BDE-D31C-44F4-93F3-508D0C90FAB4}.Debug|Any CPU.Build.0 = Debug|Any CPU
		{CE630BDE-D31C-44F4-93F3-508D0C90FAB4}.Release|Any CPU.ActiveCfg = Release|Any CPU
		{CE630BDE-D31C-44F4-93F3-508D0C90FAB4}.Release|Any CPU.Build.0 = Release|Any CPU
		{83B9B7D0-9C31-4042-8C51-DC5E9D125B71}.Debug|Any CPU.ActiveCfg = Debug|Any CPU
		{83B9B7D0-9C31-4042-8C51-DC5E9D125B71}.Debug|Any CPU.Build.0 = Debug|Any CPU
		{83B9B7D0-9C31-4042-8C51-DC5E9D125B71}.Release|Any CPU.ActiveCfg = Release|Any CPU
		{83B9B7D0-9C31-4042-8C51-DC5E9D125B71}.Release|Any CPU.Build.0 = Release|Any CPU
		{309FC311-F847-49EA-BA28-F5843668E5BF}.Debug|Any CPU.ActiveCfg = Debug|Any CPU
		{309FC311-F847-49EA-BA28-F5843668E5BF}.Debug|Any CPU.Build.0 = Debug|Any CPU
		{309FC311-F847-49EA-BA28-F5843668E5BF}.Release|Any CPU.ActiveCfg = Release|Any CPU
		{309FC311-F847-49EA-BA28-F5843668E5BF}.Release|Any CPU.Build.0 = Release|Any CPU
		{5DDC24EC-FCEB-4DEA-83DF-1693498AE68C}.Debug|Any CPU.ActiveCfg = Debug|Any CPU
		{5DDC24EC-FCEB-4DEA-83DF-1693498AE68C}.Debug|Any CPU.Build.0 = Debug|Any CPU
		{5DDC24EC-FCEB-4DEA-83DF-1693498AE68C}.Release|Any CPU.ActiveCfg = Release|Any CPU
		{5DDC24EC-FCEB-4DEA-83DF-1693498AE68C}.Release|Any CPU.Build.0 = Release|Any CPU
		{9BCE1A6E-0E71-47EE-B99E-718D87B0B5D2}.Debug|Any CPU.ActiveCfg = Debug|Any CPU
		{9BCE1A6E-0E71-47EE-B99E-718D87B0B5D2}.Debug|Any CPU.Build.0 = Debug|Any CPU
		{9BCE1A6E-0E71-47EE-B99E-718D87B0B5D2}.Release|Any CPU.ActiveCfg = Release|Any CPU
		{9BCE1A6E-0E71-47EE-B99E-718D87B0B5D2}.Release|Any CPU.Build.0 = Release|Any CPU
		{B7673CF4-EBF1-4E1C-BCC4-7CF6E0B08E63}.Debug|Any CPU.ActiveCfg = Debug|Any CPU
		{B7673CF4-EBF1-4E1C-BCC4-7CF6E0B08E63}.Debug|Any CPU.Build.0 = Debug|Any CPU
		{B7673CF4-EBF1-4E1C-BCC4-7CF6E0B08E63}.Release|Any CPU.ActiveCfg = Release|Any CPU
		{B7673CF4-EBF1-4E1C-BCC4-7CF6E0B08E63}.Release|Any CPU.Build.0 = Release|Any CPU
		{332C4793-1C0F-40CB-B73B-9DDECF538B14}.Debug|Any CPU.ActiveCfg = Debug|Any CPU
		{332C4793-1C0F-40CB-B73B-9DDECF538B14}.Debug|Any CPU.Build.0 = Debug|Any CPU
		{332C4793-1C0F-40CB-B73B-9DDECF538B14}.Release|Any CPU.ActiveCfg = Release|Any CPU
		{332C4793-1C0F-40CB-B73B-9DDECF538B14}.Release|Any CPU.Build.0 = Release|Any CPU
		{B06F0408-B91D-4904-A073-877AC342E605}.Debug|Any CPU.ActiveCfg = Debug|Any CPU
		{B06F0408-B91D-4904-A073-877AC342E605}.Debug|Any CPU.Build.0 = Debug|Any CPU
		{B06F0408-B91D-4904-A073-877AC342E605}.Release|Any CPU.ActiveCfg = Release|Any CPU
		{B06F0408-B91D-4904-A073-877AC342E605}.Release|Any CPU.Build.0 = Release|Any CPU
		{C5EF9CA1-A75D-48CA-8B4B-3A3C5EB0E36C}.Debug|Any CPU.ActiveCfg = Debug|Any CPU
		{C5EF9CA1-A75D-48CA-8B4B-3A3C5EB0E36C}.Debug|Any CPU.Build.0 = Debug|Any CPU
		{C5EF9CA1-A75D-48CA-8B4B-3A3C5EB0E36C}.Release|Any CPU.ActiveCfg = Release|Any CPU
		{C5EF9CA1-A75D-48CA-8B4B-3A3C5EB0E36C}.Release|Any CPU.Build.0 = Release|Any CPU
		{7A309BC3-0683-44CF-BF14-CFB97C8AD05F}.Debug|Any CPU.ActiveCfg = Debug|Any CPU
		{7A309BC3-0683-44CF-BF14-CFB97C8AD05F}.Debug|Any CPU.Build.0 = Debug|Any CPU
		{7A309BC3-0683-44CF-BF14-CFB97C8AD05F}.Release|Any CPU.ActiveCfg = Release|Any CPU
		{7A309BC3-0683-44CF-BF14-CFB97C8AD05F}.Release|Any CPU.Build.0 = Release|Any CPU
		{95C35079-DFD4-439A-842E-87FD486D438E}.Debug|Any CPU.ActiveCfg = Debug|Any CPU
		{95C35079-DFD4-439A-842E-87FD486D438E}.Debug|Any CPU.Build.0 = Debug|Any CPU
		{95C35079-DFD4-439A-842E-87FD486D438E}.Release|Any CPU.ActiveCfg = Release|Any CPU
		{95C35079-DFD4-439A-842E-87FD486D438E}.Release|Any CPU.Build.0 = Release|Any CPU
		{F6EE3E01-B922-4BB9-865F-5B68FEA71DA2}.Debug|Any CPU.ActiveCfg = Debug|Any CPU
		{F6EE3E01-B922-4BB9-865F-5B68FEA71DA2}.Debug|Any CPU.Build.0 = Debug|Any CPU
		{F6EE3E01-B922-4BB9-865F-5B68FEA71DA2}.Release|Any CPU.ActiveCfg = Release|Any CPU
		{F6EE3E01-B922-4BB9-865F-5B68FEA71DA2}.Release|Any CPU.Build.0 = Release|Any CPU
		{1B443821-D110-4121-BB55-B752F49D6864}.Debug|Any CPU.ActiveCfg = Debug|Any CPU
		{1B443821-D110-4121-BB55-B752F49D6864}.Debug|Any CPU.Build.0 = Debug|Any CPU
		{1B443821-D110-4121-BB55-B752F49D6864}.Release|Any CPU.ActiveCfg = Release|Any CPU
		{1B443821-D110-4121-BB55-B752F49D6864}.Release|Any CPU.Build.0 = Release|Any CPU
		{2D49EA32-18A9-47EC-AD7C-5E49FC1A56DE}.Debug|Any CPU.ActiveCfg = Debug|Any CPU
		{2D49EA32-18A9-47EC-AD7C-5E49FC1A56DE}.Debug|Any CPU.Build.0 = Debug|Any CPU
		{2D49EA32-18A9-47EC-AD7C-5E49FC1A56DE}.Release|Any CPU.ActiveCfg = Release|Any CPU
		{2D49EA32-18A9-47EC-AD7C-5E49FC1A56DE}.Release|Any CPU.Build.0 = Release|Any CPU
		{7AF9A94B-8846-4AAD-B530-F5BDB67C10D9}.Debug|Any CPU.ActiveCfg = Debug|Any CPU
		{7AF9A94B-8846-4AAD-B530-F5BDB67C10D9}.Debug|Any CPU.Build.0 = Debug|Any CPU
		{7AF9A94B-8846-4AAD-B530-F5BDB67C10D9}.Release|Any CPU.ActiveCfg = Release|Any CPU
		{7AF9A94B-8846-4AAD-B530-F5BDB67C10D9}.Release|Any CPU.Build.0 = Release|Any CPU
	EndGlobalSection
	GlobalSection(SolutionProperties) = preSolution
		HideSolutionNode = FALSE
	EndGlobalSection
	GlobalSection(NestedProjects) = preSolution
		{C47A438E-1665-41DE-9169-5E655F7C9AAF} = {C67EDEF0-1556-4BB6-8498-6DDF054183B8}
		{0831253A-98E6-4106-8D17-F5659369A97C} = {C67EDEF0-1556-4BB6-8498-6DDF054183B8}
		{339D29F5-8694-4A0E-B0A7-DF9A38677BCE} = {C67EDEF0-1556-4BB6-8498-6DDF054183B8}
		{0AF0B599-B6F0-4527-9A0F-13048F0025EA} = {C67EDEF0-1556-4BB6-8498-6DDF054183B8}
		{8857F090-21A4-4E87-A93F-FB5A07A58E09} = {C67EDEF0-1556-4BB6-8498-6DDF054183B8}
		{E362E771-9F5F-4646-8D4B-07E7C937328D} = {068900F6-6C3A-4D22-A3CA-71BC3EF0667E}
		{29A150DD-6FC7-4026-A36C-D860E54F8297} = {C67EDEF0-1556-4BB6-8498-6DDF054183B8}
		{1C58C70D-13B9-4112-BB44-9F029593F019} = {068900F6-6C3A-4D22-A3CA-71BC3EF0667E}
		{9078DB3B-1A25-4366-B22C-59796CB17084} = {30E06624-04C7-49F0-8C09-4625F6B7E8BE}
		{C7B4E3A3-3D16-4FD0-803A-E5972EC4A60B} = {30E06624-04C7-49F0-8C09-4625F6B7E8BE}
		{AA3312B0-F2B8-46BE-BB5A-A3FFE2A003B0} = {30E06624-04C7-49F0-8C09-4625F6B7E8BE}
		{4B8955D9-8B8C-4E0F-B425-BAFE1F5F0EF5} = {30E06624-04C7-49F0-8C09-4625F6B7E8BE}
		{B625C665-7617-4D88-B510-C5B02DFE8C72} = {30E06624-04C7-49F0-8C09-4625F6B7E8BE}
		{CE630BDE-D31C-44F4-93F3-508D0C90FAB4} = {30E06624-04C7-49F0-8C09-4625F6B7E8BE}
		{83B9B7D0-9C31-4042-8C51-DC5E9D125B71} = {30E06624-04C7-49F0-8C09-4625F6B7E8BE}
		{309FC311-F847-49EA-BA28-F5843668E5BF} = {30E06624-04C7-49F0-8C09-4625F6B7E8BE}
		{5DDC24EC-FCEB-4DEA-83DF-1693498AE68C} = {93D64FCC-AF77-4823-A2A0-271BB38CB434}
		{9BCE1A6E-0E71-47EE-B99E-718D87B0B5D2} = {93D64FCC-AF77-4823-A2A0-271BB38CB434}
		{B7673CF4-EBF1-4E1C-BCC4-7CF6E0B08E63} = {93D64FCC-AF77-4823-A2A0-271BB38CB434}
		{332C4793-1C0F-40CB-B73B-9DDECF538B14} = {93D64FCC-AF77-4823-A2A0-271BB38CB434}
		{B06F0408-B91D-4904-A073-877AC342E605} = {93D64FCC-AF77-4823-A2A0-271BB38CB434}
		{C5EF9CA1-A75D-48CA-8B4B-3A3C5EB0E36C} = {93D64FCC-AF77-4823-A2A0-271BB38CB434}
		{7A309BC3-0683-44CF-BF14-CFB97C8AD05F} = {93D64FCC-AF77-4823-A2A0-271BB38CB434}
		{95C35079-DFD4-439A-842E-87FD486D438E} = {93D64FCC-AF77-4823-A2A0-271BB38CB434}
		{F6EE3E01-B922-4BB9-865F-5B68FEA71DA2} = {93D64FCC-AF77-4823-A2A0-271BB38CB434}
		{1B443821-D110-4121-BB55-B752F49D6864} = {93D64FCC-AF77-4823-A2A0-271BB38CB434}
		{2D49EA32-18A9-47EC-AD7C-5E49FC1A56DE} = {93D64FCC-AF77-4823-A2A0-271BB38CB434}
		{7AF9A94B-8846-4AAD-B530-F5BDB67C10D9} = {1C45C56A-F3BE-4281-8BF4-957E50874668}
	EndGlobalSection
	GlobalSection(ExtensibilityGlobals) = postSolution
		SolutionGuid = {3EEB2B7C-14A5-451C-9D4D-23BBB6B07B28}
	EndGlobalSection
EndGlobal
