
Microsoft Visual Studio Solution File, Format Version 12.00
# Visual Studio Version 17
VisualStudioVersion = 17.3.32825.248
MinimumVisualStudioVersion = 10.0.40219.1
Project("{9A19103F-16F7-4668-BE54-9A1E7A4F7556}") = "01_TiposSimples", "01_TiposSimples\01_TiposSimples.csproj", "{BD2CB3D2-8524-4AA6-A9C2-7460E212B6C4}"
EndProject
Project("{9A19103F-16F7-4668-BE54-9A1E7A4F7556}") = "02-LecturaTipoSimple", "02-LecturaTipoSimple\02-LecturaTipoSimple.csproj", "{3E356338-92FD-4A31-A453-87DFFB2A2234}"
EndProject
Project("{2150E333-8FDC-42A3-9474-1A3956D46DE8}") = "Introduccion", "Introduccion", "{E47CC754-5321-4C94-B4CA-7EAF0EBCB48B}"
EndProject
Project("{FAE04EC0-301F-11D3-BF4B-00C04F79EFBC}") = "03-CalculadoraBasica", "03-CalculadoraBasica\03-CalculadoraBasica.csproj", "{160B16CF-FF58-41AE-805D-A48E9ACA2DFB}"
EndProject
Global
	GlobalSection(SolutionConfigurationPlatforms) = preSolution
		Debug|Any CPU = Debug|Any CPU
		Release|Any CPU = Release|Any CPU
	EndGlobalSection
	GlobalSection(ProjectConfigurationPlatforms) = postSolution
		{BD2CB3D2-8524-4AA6-A9C2-7460E212B6C4}.Debug|Any CPU.ActiveCfg = Debug|Any CPU
		{BD2CB3D2-8524-4AA6-A9C2-7460E212B6C4}.Debug|Any CPU.Build.0 = Debug|Any CPU
		{BD2CB3D2-8524-4AA6-A9C2-7460E212B6C4}.Release|Any CPU.ActiveCfg = Release|Any CPU
		{BD2CB3D2-8524-4AA6-A9C2-7460E212B6C4}.Release|Any CPU.Build.0 = Release|Any CPU
		{3E356338-92FD-4A31-A453-87DFFB2A2234}.Debug|Any CPU.ActiveCfg = Debug|Any CPU
		{3E356338-92FD-4A31-A453-87DFFB2A2234}.Debug|Any CPU.Build.0 = Debug|Any CPU
		{3E356338-92FD-4A31-A453-87DFFB2A2234}.Release|Any CPU.ActiveCfg = Release|Any CPU
		{3E356338-92FD-4A31-A453-87DFFB2A2234}.Release|Any CPU.Build.0 = Release|Any CPU
		{160B16CF-FF58-41AE-805D-A48E9ACA2DFB}.Debug|Any CPU.ActiveCfg = Debug|Any CPU
		{160B16CF-FF58-41AE-805D-A48E9ACA2DFB}.Debug|Any CPU.Build.0 = Debug|Any CPU
		{160B16CF-FF58-41AE-805D-A48E9ACA2DFB}.Release|Any CPU.ActiveCfg = Release|Any CPU
		{160B16CF-FF58-41AE-805D-A48E9ACA2DFB}.Release|Any CPU.Build.0 = Release|Any CPU
	EndGlobalSection
	GlobalSection(SolutionProperties) = preSolution
		HideSolutionNode = FALSE
	EndGlobalSection
	GlobalSection(NestedProjects) = preSolution
		{BD2CB3D2-8524-4AA6-A9C2-7460E212B6C4} = {E47CC754-5321-4C94-B4CA-7EAF0EBCB48B}
		{3E356338-92FD-4A31-A453-87DFFB2A2234} = {E47CC754-5321-4C94-B4CA-7EAF0EBCB48B}
		{160B16CF-FF58-41AE-805D-A48E9ACA2DFB} = {E47CC754-5321-4C94-B4CA-7EAF0EBCB48B}
	EndGlobalSection
	GlobalSection(ExtensibilityGlobals) = postSolution
		SolutionGuid = {04BA2334-3796-4C53-AB1C-CFB3BB74ED7C}
	EndGlobalSection
EndGlobal
